
Microsoft Visual Studio Solution File, Format Version 12.00
# Visual Studio 14
VisualStudioVersion = 14.0.25420.1
MinimumVisualStudioVersion = 10.0.40219.1
Project("{2150E333-8FDC-42A3-9474-1A3956D46DE8}") = "src", "src", "{FEF03247-123E-41E5-9295-3123A7FD1C24}"
EndProject
Project("{2150E333-8FDC-42A3-9474-1A3956D46DE8}") = "Solution Items", "Solution Items", "{D3AA2365-3BF7-49B1-9DDE-B4583F5E9223}"
	ProjectSection(SolutionItems) = preProject
		global.json = global.json
	EndProjectSection
EndProject
Project("{8BB2217D-0F2D-49D1-97BC-3654ED321F3B}") = "netCoreCodeFirst", "src\netCoreCodeFirst\netCoreCodeFirst.xproj", "{929EB51D-DEFE-4E09-B0FF-21D275216023}"
EndProject
Global
	GlobalSection(SolutionConfigurationPlatforms) = preSolution
		Debug|Any CPU = Debug|Any CPU
		Release|Any CPU = Release|Any CPU
	EndGlobalSection
	GlobalSection(ProjectConfigurationPlatforms) = postSolution
		{929EB51D-DEFE-4E09-B0FF-21D275216023}.Debug|Any CPU.ActiveCfg = Debug|Any CPU
		{929EB51D-DEFE-4E09-B0FF-21D275216023}.Debug|Any CPU.Build.0 = Debug|Any CPU
		{929EB51D-DEFE-4E09-B0FF-21D275216023}.Release|Any CPU.ActiveCfg = Release|Any CPU
		{929EB51D-DEFE-4E09-B0FF-21D275216023}.Release|Any CPU.Build.0 = Release|Any CPU
	EndGlobalSection
	GlobalSection(SolutionProperties) = preSolution
		HideSolutionNode = FALSE
	EndGlobalSection
	GlobalSection(NestedProjects) = preSolution
		{929EB51D-DEFE-4E09-B0FF-21D275216023} = {FEF03247-123E-41E5-9295-3123A7FD1C24}
	EndGlobalSection
EndGlobal
